
Microsoft Visual Studio Solution File, Format Version 12.00
# Visual Studio Version 17
VisualStudioVersion = 17.13.35806.99 d17.13
MinimumVisualStudioVersion = 10.0.40219.1
Project("{FAE04EC0-301F-11D3-BF4B-00C04F79EFBC}") = "Speech", "Speech.csproj", "{71D805C0-F087-43A3-9944-DF76B0E774C6}"
EndProject
Global
	GlobalSection(SolutionConfigurationPlatforms) = preSolution
		Debug|Any CPU = Debug|Any CPU
		Release|Any CPU = Release|Any CPU
	EndGlobalSection
	GlobalSection(ProjectConfigurationPlatforms) = postSolution
		{71D805C0-F087-43A3-9944-DF76B0E774C6}.Debug|Any CPU.ActiveCfg = Debug|Any CPU
		{71D805C0-F087-43A3-9944-DF76B0E774C6}.Debug|Any CPU.Build.0 = Debug|Any CPU
		{71D805C0-F087-43A3-9944-DF76B0E774C6}.Release|Any CPU.ActiveCfg = Release|Any CPU
		{71D805C0-F087-43A3-9944-DF76B0E774C6}.Release|Any CPU.Build.0 = Release|Any CPU
	EndGlobalSection
	GlobalSection(SolutionProperties) = preSolution
		HideSolutionNode = FALSE
	EndGlobalSection
	GlobalSection(ExtensibilityGlobals) = postSolution
		SolutionGuid = {9003CA76-655D-4080-8E9E-D34EF09F9E46}
	EndGlobalSection
EndGlobal
