
Microsoft Visual Studio Solution File, Format Version 12.00
# Visual Studio Version 17
VisualStudioVersion = 17.13.35806.99 d17.13
MinimumVisualStudioVersion = 10.0.40219.1
Project("{FAE04EC0-301F-11D3-BF4B-00C04F79EFBC}") = "API_Examples", "API_Examples.csproj", "{F4939669-106A-8D09-2C6E-B1CACC99CC74}"
EndProject
Global
	GlobalSection(SolutionConfigurationPlatforms) = preSolution
		Debug|Any CPU = Debug|Any CPU
		Release|Any CPU = Release|Any CPU
	EndGlobalSection
	GlobalSection(ProjectConfigurationPlatforms) = postSolution
		{F4939669-106A-8D09-2C6E-B1CACC99CC74}.Debug|Any CPU.ActiveCfg = Debug|Any CPU
		{F4939669-106A-8D09-2C6E-B1CACC99CC74}.Debug|Any CPU.Build.0 = Debug|Any CPU
		{F4939669-106A-8D09-2C6E-B1CACC99CC74}.Release|Any CPU.ActiveCfg = Release|Any CPU
		{F4939669-106A-8D09-2C6E-B1CACC99CC74}.Release|Any CPU.Build.0 = Release|Any CPU
	EndGlobalSection
	GlobalSection(SolutionProperties) = preSolution
		HideSolutionNode = FALSE
	EndGlobalSection
	GlobalSection(ExtensibilityGlobals) = postSolution
		SolutionGuid = {E2DE0016-8858-49B3-AF1D-3A1D7530D33D}
	EndGlobalSection
EndGlobal
